# THIS IS AN AUTOGENERATED FILE. DO NOT EDIT THIS FILE DIRECTLY.
# yarn lockfile v1


generate-password@^1.7.0:
  version "1.7.0"
  resolved "https://registry.yarnpkg.com/generate-password/-/generate-password-1.7.0.tgz#00ba4eb1e71f89a72307b0d6604ee0d4e7f5770c"
  integrity sha512-WPCtlfy0jexf7W5IbwxGUgpIDvsZIohbI2DAq2Q6TSlKKis+G4GT9sxvPxrZUGL8kP6WUXMWNqYnxY6DDKAdFA==
